
Microsoft Visual Studio Solution File, Format Version 12.00
# Visual Studio Version 17
VisualStudioVersion = 17.5.002.0
MinimumVisualStudioVersion = 10.0.40219.1
Project("{9A19103F-16F7-4668-BE54-9A1E7A4F7556}") = "VerkkokauppaAPI", "VerkkokauppaAPI\VerkkokauppaAPI.csproj", "{84CA751D-049B-4AB1-BB61-2EA0F8F1BE78}"
EndProject
Global
	GlobalSection(SolutionConfigurationPlatforms) = preSolution
		Debug|Any CPU = Debug|Any CPU
		Release|Any CPU = Release|Any CPU
	EndGlobalSection
	GlobalSection(ProjectConfigurationPlatforms) = postSolution
		{84CA751D-049B-4AB1-BB61-2EA0F8F1BE78}.Debug|Any CPU.ActiveCfg = Debug|Any CPU
		{84CA751D-049B-4AB1-BB61-2EA0F8F1BE78}.Debug|Any CPU.Build.0 = Debug|Any CPU
		{84CA751D-049B-4AB1-BB61-2EA0F8F1BE78}.Release|Any CPU.ActiveCfg = Release|Any CPU
		{84CA751D-049B-4AB1-BB61-2EA0F8F1BE78}.Release|Any CPU.Build.0 = Release|Any CPU
	EndGlobalSection
	GlobalSection(SolutionProperties) = preSolution
		HideSolutionNode = FALSE
	EndGlobalSection
	GlobalSection(ExtensibilityGlobals) = postSolution
		SolutionGuid = {D6704F92-C0A0-4237-B06B-24A4F0E608F0}
	EndGlobalSection
EndGlobal
